{
  "name": "project-smartspeech",
  "lockfileVersion": 3,
  "requires": true,
  "packages": {
    "": {
      "devDependencies": {
        "@types/react-color": "^3.0.6"
      }
    },
    "node_modules/@types/prop-types": {
      "version": "15.7.7",
      "resolved": "https://registry.npmjs.org/@types/prop-types/-/prop-types-15.7.7.tgz",
      "integrity": "sha512-FbtmBWCcSa2J4zL781Zf1p5YUBXQomPEcep9QZCfRfQgTxz3pJWiDFLebohZ9fFntX5ibzOkSsrJ0TEew8cAog==",
      "dev": true
    },
    "node_modules/@types/react": {
      "version": "18.2.22",
      "resolved": "https://registry.npmjs.org/@types/react/-/react-18.2.22.tgz",
      "integrity": "sha512-60fLTOLqzarLED2O3UQImc/lsNRgG0jE/a1mPW9KjMemY0LMITWEsbS4VvZ4p6rorEHd5YKxxmMKSDK505GHpA==",
      "dev": true,
      "dependencies": {
        "@types/prop-types": "*",
        "@types/scheduler": "*",
        "csstype": "^3.0.2"
      }
    },
    "node_modules/@types/react-color": {
      "version": "3.0.6",
      "resolved": "https://registry.npmjs.org/@types/react-color/-/react-color-3.0.6.tgz",
      "integrity": "sha512-OzPIO5AyRmLA7PlOyISlgabpYUa3En74LP8mTMa0veCA719SvYQov4WLMsHvCgXP+L+KI9yGhYnqZafVGG0P4w==",
      "dev": true,
      "dependencies": {
        "@types/react": "*",
        "@types/reactcss": "*"
      }
    },
    "node_modules/@types/reactcss": {
      "version": "1.2.6",
      "resolved": "https://registry.npmjs.org/@types/reactcss/-/reactcss-1.2.6.tgz",
      "integrity": "sha512-qaIzpCuXNWomGR1Xq8SCFTtF4v8V27Y6f+b9+bzHiv087MylI/nTCqqdChNeWS7tslgROmYB7yeiruWX7WnqNg==",
      "dev": true,
      "dependencies": {
        "@types/react": "*"
      }
    },
    "node_modules/@types/scheduler": {
      "version": "0.16.4",
      "resolved": "https://registry.npmjs.org/@types/scheduler/-/scheduler-0.16.4.tgz",
      "integrity": "sha512-2L9ifAGl7wmXwP4v3pN4p2FLhD0O1qsJpvKmNin5VA8+UvNVb447UDaAEV6UdrkA+m/Xs58U1RFps44x6TFsVQ==",
      "dev": true
    },
    "node_modules/csstype": {
      "version": "3.1.2",
      "resolved": "https://registry.npmjs.org/csstype/-/csstype-3.1.2.tgz",
      "integrity": "sha512-I7K1Uu0MBPzaFKg4nI5Q7Vs2t+3gWWW648spaF+Rg7pI9ds18Ugn+lvg4SHczUdKlHI5LWBXyqfS8+DufyBsgQ==",
      "dev": true
    }
  }
}
